// !$*UTF8*$!
{
	archiveVersion = 1;
	classes = {
	};
	objectVersion = 50;
	objects = {

/* Begin PBXBuildFile section */
		156F002A253E8F7900005961 /* UserModel.swift in Sources */ = {isa = PBXBuildFile; fileRef = 156F0029253E8F7900005961 /* UserModel.swift */; };
		156F002D253E8FC500005961 /* UserView.swift in Sources */ = {isa = PBXBuildFile; fileRef = 156F002C253E8FC500005961 /* UserView.swift */; };
		156F003C253EA90F00005961 /* TableCell.swift in Sources */ = {isa = PBXBuildFile; fileRef = 156F003B253EA90F00005961 /* TableCell.swift */; };
		15E14D83253DD06E00129602 /* AppDelegate.swift in Sources */ = {isa = PBXBuildFile; fileRef = 15E14D82253DD06E00129602 /* AppDelegate.swift */; };
		15E14D85253DD06E00129602 /* SceneDelegate.swift in Sources */ = {isa = PBXBuildFile; fileRef = 15E14D84253DD06E00129602 /* SceneDelegate.swift */; };
		15E14D87253DD06E00129602 /* ViewController.swift in Sources */ = {isa = PBXBuildFile; fileRef = 15E14D86253DD06E00129602 /* ViewController.swift */; };
		15E14D8A253DD06E00129602 /* Main.storyboard in Resources */ = {isa = PBXBuildFile; fileRef = 15E14D88253DD06E00129602 /* Main.storyboard */; };
		15E14D8C253DD07200129602 /* Assets.xcassets in Resources */ = {isa = PBXBuildFile; fileRef = 15E14D8B253DD07200129602 /* Assets.xcassets */; };
		15E14D8F253DD07200129602 /* LaunchScreen.storyboard in Resources */ = {isa = PBXBuildFile; fileRef = 15E14D8D253DD07200129602 /* LaunchScreen.storyboard */; };
/* End PBXBuildFile section */

/* Begin PBXFileReference section */
		156F0029253E8F7900005961 /* UserModel.swift */ = {isa = PBXFileReference; lastKnownFileType = sourcecode.swift; path = UserModel.swift; sourceTree = "<group>"; };
		156F002C253E8FC500005961 /* UserView.swift */ = {isa = PBXFileReference; lastKnownFileType = sourcecode.swift; path = UserView.swift; sourceTree = "<group>"; };
		156F003B253EA90F00005961 /* TableCell.swift */ = {isa = PBXFileReference; lastKnownFileType = sourcecode.swift; path = TableCell.swift; sourceTree = "<group>"; };
		15E14D7F253DD06E00129602 /* JsonParsingOne.app */ = {isa = PBXFileReference; explicitFileType = wrapper.application; includeInIndex = 0; path = JsonParsingOne.app; sourceTree = BUILT_PRODUCTS_DIR; };
		15E14D82253DD06E00129602 /* AppDelegate.swift */ = {isa = PBXFileReference; lastKnownFileType = sourcecode.swift; path = AppDelegate.swift; sourceTree = "<group>"; };
		15E14D84253DD06E00129602 /* SceneDelegate.swift */ = {isa = PBXFileReference; lastKnownFileType = sourcecode.swift; path = SceneDelegate.swift; sourceTree = "<group>"; };
		15E14D86253DD06E00129602 /* ViewController.swift */ = {isa = PBXFileReference; lastKnownFileType = sourcecode.swift; path = ViewController.swift; sourceTree = "<group>"; };
		15E14D89253DD06E00129602 /* Base */ = {isa = PBXFileReference; lastKnownFileType = file.storyboard; name = Base; path = Base.lproj/Main.storyboard; sourceTree = "<group>"; };
		15E14D8B253DD07200129602 /* Assets.xcassets */ = {isa = PBXFileReference; lastKnownFileType = folder.assetcatalog; path = Assets.xcassets; sourceTree = "<group>"; };
		15E14D8E253DD07200129602 /* Base */ = {isa = PBXFileReference; lastKnownFileType = file.storyboard; name = Base; path = Base.lproj/LaunchScreen.storyboard; sourceTree = "<group>"; };
		15E14D90253DD07200129602 /* Info.plist */ = {isa = PBXFileReference; lastKnownFileType = text.plist.xml; path = Info.plist; sourceTree = "<group>"; };
/* End PBXFileReference section */

/* Begin PBXFrameworksBuildPhase section */
		15E14D7C253DD06E00129602 /* Frameworks */ = {
			isa = PBXFrameworksBuildPhase;
			buildActionMask = 2147483647;
			files = (
			);
			runOnlyForDeploymentPostprocessing = 0;
		};
/* End PBXFrameworksBuildPhase section */

/* Begin PBXGroup section */
		15E14D76253DD06E00129602 = {
			isa = PBXGroup;
			children = (
				15E14D81253DD06E00129602 /* JsonParsingOne */,
				15E14D80253DD06E00129602 /* Products */,
			);
			sourceTree = "<group>";
		};
		15E14D80253DD06E00129602 /* Products */ = {
			isa = PBXGroup;
			children = (
				15E14D7F253DD06E00129602 /* JsonParsingOne.app */,
			);
			name = Products;
			sourceTree = "<group>";
		};
		15E14D81253DD06E00129602 /* JsonParsingOne */ = {
			isa = PBXGroup;
			children = (
				15E14D82253DD06E00129602 /* AppDelegate.swift */,
				15E14D84253DD06E00129602 /* SceneDelegate.swift */,
				15E14D86253DD06E00129602 /* ViewController.swift */,
				15E14D88253DD06E00129602 /* Main.storyboard */,
				15E14D8B253DD07200129602 /* Assets.xcassets */,
				15E14D8D253DD07200129602 /* LaunchScreen.storyboard */,
				15E14D90253DD07200129602 /* Info.plist */,
				156F0029253E8F7900005961 /* UserModel.swift */,
				156F002C253E8FC500005961 /* UserView.swift */,
				156F003B253EA90F00005961 /* TableCell.swift */,
			);
			path = JsonParsingOne;
			sourceTree = "<group>";
		};
/* End PBXGroup section */

/* Begin PBXNativeTarget section */
		15E14D7E253DD06E00129602 /* JsonParsingOne */ = {
			isa = PBXNativeTarget;
			buildConfigurationList = 15E14D93253DD07200129602 /* Build configuration list for PBXNativeTarget "JsonParsingOne" */;
			buildPhases = (
				15E14D7B253DD06E00129602 /* Sources */,
				15E14D7C253DD06E00129602 /* Frameworks */,
				15E14D7D253DD06E00129602 /* Resources */,
			);
			buildRules = (
			);
			dependencies = (
			);
			name = JsonParsingOne;
			productName = JsonParsingOne;
			productReference = 15E14D7F253DD06E00129602 /* JsonParsingOne.app */;
			productType = "com.apple.product-type.application";
		};
/* End PBXNativeTarget section */

/* Begin PBXProject section */
		15E14D77253DD06E00129602 /* Project object */ = {
			isa = PBXProject;
			attributes = {
				LastSwiftUpdateCheck = 1200;
				LastUpgradeCheck = 1200;
				TargetAttributes = {
					15E14D7E253DD06E00129602 = {
						CreatedOnToolsVersion = 12.0.1;
					};
				};
			};
			buildConfigurationList = 15E14D7A253DD06E00129602 /* Build configuration list for PBXProject "JsonParsingOne" */;
			compatibilityVersion = "Xcode 9.3";
			developmentRegion = en;
			hasScannedForEncodings = 0;
			knownRegions = (
				en,
				Base,
			);
			mainGroup = 15E14D76253DD06E00129602;
			productRefGroup = 15E14D80253DD06E00129602 /* Products */;
			projectDirPath = "";
			projectRoot = "";
			targets = (
				15E14D7E253DD06E00129602 /* JsonParsingOne */,
			);
		};
/* End PBXProject section */

/* Begin PBXResourcesBuildPhase section */
		15E14D7D253DD06E00129602 /* Resources */ = {
			isa = PBXResourcesBuildPhase;
			buildActionMask = 2147483647;
			files = (
				15E14D8F253DD07200129602 /* LaunchScreen.storyboard in Resources */,
				15E14D8C253DD07200129602 /* Assets.xcassets in Resources */,
				15E14D8A253DD06E00129602 /* Main.storyboard in Resources */,
			);
			runOnlyForDeploymentPostprocessing = 0;
		};
/* End PBXResourcesBuildPhase section */

/* Begin PBXSourcesBuildPhase section */
		15E14D7B253DD06E00129602 /* Sources */ = {
			isa = PBXSourcesBuildPhase;
			buildActionMask = 2147483647;
			files = (
				156F003C253EA90F00005961 /* TableCell.swift in Sources */,
				15E14D87253DD06E00129602 /* ViewController.swift in Sources */,
				15E14D83253DD06E00129602 /* AppDelegate.swift in Sources */,
				156F002D253E8FC500005961 /* UserView.swift in Sources */,
				156F002A253E8F7900005961 /* UserModel.swift in Sources */,
				15E14D85253DD06E00129602 /* SceneDelegate.swift in Sources */,
			);
			runOnlyForDeploymentPostprocessing = 0;
		};
/* End PBXSourcesBuildPhase section */

/* Begin PBXVariantGroup section */
		15E14D88253DD06E00129602 /* Main.storyboard */ = {
			isa = PBXVariantGroup;
			children = (
				15E14D89253DD06E00129602 /* Base */,
			);
			name = Main.storyboard;
			sourceTree = "<group>";
		};
		15E14D8D253DD07200129602 /* LaunchScreen.storyboard */ = {
			isa = PBXVariantGroup;
			children = (
				15E14D8E253DD07200129602 /* Base */,
			);
			name = LaunchScreen.storyboard;
			sourceTree = "<group>";
		};
/* End PBXVariantGroup section */

/* Begin XCBuildConfiguration section */
		15E14D91253DD07200129602 /* Debug */ = {
			isa = XCBuildConfiguration;
			buildSettings = {
				ALWAYS_SEARCH_USER_PATHS = NO;
				CLANG_ANALYZER_NONNULL = YES;
				CLANG_ANALYZER_NUMBER_OBJECT_CONVERSION = YES_AGGRESSIVE;
				CLANG_CXX_LANGUAGE_STANDARD = "gnu++14";
				CLANG_CXX_LIBRARY = "libc++";
				CLANG_ENABLE_MODULES = YES;
				CLANG_ENABLE_OBJC_ARC = YES;
				CLANG_ENABLE_OBJC_WEAK = YES;
				CLANG_WARN_BLOCK_CAPTURE_AUTORELEASING = YES;
				CLANG_WARN_BOOL_CONVERSION = YES;
				CLANG_WARN_COMMA = YES;
				CLANG_WARN_CONSTANT_CONVERSION = YES;
				CLANG_WARN_DEPRECATED_OBJC_IMPLEMENTATIONS = YES;
				CLANG_WARN_DIRECT_OBJC_ISA_USAGE = YES_ERROR;
				CLANG_WARN_DOCUMENTATION_COMMENTS = YES;
				CLANG_WARN_EMPTY_BODY = YES;
				CLANG_WARN_ENUM_CONVERSION = YES;
				CLANG_WARN_INFINITE_RECURSION = YES;
				CLANG_WARN_INT_CONVERSION = YES;
				CLANG_WARN_NON_LITERAL_NULL_CONVERSION = YES;
				CLANG_WARN_OBJC_IMPLICIT_RETAIN_SELF = YES;
				CLANG_WARN_OBJC_LITERAL_CONVERSION = YES;
				CLANG_WARN_OBJC_ROOT_CLASS = YES_ERROR;
				CLANG_WARN_QUOTED_INCLUDE_IN_FRAMEWORK_HEADER = YES;
				CLANG_WARN_RANGE_LOOP_ANALYSIS = YES;
				CLANG_WARN_STRICT_PROTOTYPES = YES;
				CLANG_WARN_SUSPICIOUS_MOVE = YES;
				CLANG_WARN_UNGUARDED_AVAILABILITY = YES_AGGRESSIVE;
				CLANG_WARN_UNREACHABLE_CODE = YES;
				CLANG_WARN__DUPLICATE_METHOD_MATCH = YES;
				COPY_PHASE_STRIP = NO;
				DEBUG_INFORMATION_FORMAT = dwarf;
				ENABLE_STRICT_OBJC_MSGSEND = YES;
				ENABLE_TESTABILITY = YES;
				GCC_C_LANGUAGE_STANDARD = gnu11;
				GCC_DYNAMIC_NO_PIC = NO;
				GCC_NO_COMMON_BLOCKS = YES;
				GCC_OPTIMIZATION_LEVEL = 0;
				GCC_PREPROCESSOR_DEFINITIONS = (
					"DEBUG=1",
					"$(inherited)",
				);
				GCC_WARN_64_TO_32_BIT_CONVERSION = YES;
				GCC_WARN_ABOUT_RETURN_TYPE = YES_ERROR;
				GCC_WARN_UNDECLARED_SELECTOR = YES;
				GCC_WARN_UNINITIALIZED_AUTOS = YES_AGGRESSIVE;
				GCC_WARN_UNUSED_FUNCTION = YES;
				GCC_WARN_UNUSED_VARIABLE = YES;
				IPHONEOS_DEPLOYMENT_TARGET = 14.0;
				MTL_ENABLE_DEBUG_INFO = INCLUDE_SOURCE;
				MTL_FAST_MATH = YES;
				ONLY_ACTIVE_ARCH = YES;
				SDKROOT = iphoneos;
				SWIFT_ACTIVE_COMPILATION_CONDITIONS = DEBUG;
				SWIFT_OPTIMIZATION_LEVEL = "-Onone";
			};
			name = Debug;
		};
		15E14D92253DD07200129602 /* Release */ = {
			isa = XCBuildConfiguration;
			buildSettings = {
				ALWAYS_SEARCH_USER_PATHS = NO;
				CLANG_ANALYZER_NONNULL = YES;
				CLANG_ANALYZER_NUMBER_OBJECT_CONVERSION = YES_AGGRESSIVE;
				CLANG_CXX_LANGUAGE_STANDARD = "gnu++14";
				CLANG_CXX_LIBRARY = "libc++";
				CLANG_ENABLE_MODULES = YES;
				CLANG_ENABLE_OBJC_ARC = YES;
				CLANG_ENABLE_OBJC_WEAK = YES;
				CLANG_WARN_BLOCK_CAPTURE_AUTORELEASING = YES;
				CLANG_WARN_BOOL_CONVERSION = YES;
				CLANG_WARN_COMMA = YES;
				CLANG_WARN_CONSTANT_CONVERSION = YES;
				CLANG_WARN_DEPRECATED_OBJC_IMPLEMENTATIONS = YES;
				CLANG_WARN_DIRECT_OBJC_ISA_USAGE = YES_ERROR;
				CLANG_WARN_DOCUMENTATION_COMMENTS = YES;
				CLANG_WARN_EMPTY_BODY = YES;
				CLANG_WARN_ENUM_CONVERSION = YES;
				CLANG_WARN_INFINITE_RECURSION = YES;
				CLANG_WARN_INT_CONVERSION = YES;
				CLANG_WARN_NON_LITERAL_NULL_CONVERSION = YES;
				CLANG_WARN_OBJC_IMPLICIT_RETAIN_SELF = YES;
				CLANG_WARN_OBJC_LITERAL_CONVERSION = YES;
				CLANG_WARN_OBJC_ROOT_CLASS = YES_ERROR;
				CLANG_WARN_QUOTED_INCLUDE_IN_FRAMEWORK_HEADER = YES;
				CLANG_WARN_RANGE_LOOP_ANALYSIS = YES;
				CLANG_WARN_STRICT_PROTOTYPES = YES;
				CLANG_WARN_SUSPICIOUS_MOVE = YES;
				CLANG_WARN_UNGUARDED_AVAILABILITY = YES_AGGRESSIVE;
				CLANG_WARN_UNREACHABLE_CODE = YES;
				CLANG_WARN__DUPLICATE_METHOD_MATCH = YES;
				COPY_PHASE_STRIP = NO;
				DEBUG_INFORMATION_FORMAT = "dwarf-with-dsym";
				ENABLE_NS_ASSERTIONS = NO;
				ENABLE_STRICT_OBJC_MSGSEND = YES;
				GCC_C_LANGUAGE_STANDARD = gnu11;
				GCC_NO_COMMON_BLOCKS = YES;
				GCC_WARN_64_TO_32_BIT_CONVERSION = YES;
				GCC_WARN_ABOUT_RETURN_TYPE = YES_ERROR;
				GCC_WARN_UNDECLARED_SELECTOR = YES;
				GCC_WARN_UNINITIALIZED_AUTOS = YES_AGGRESSIVE;
				GCC_WARN_UNUSED_FUNCTION = YES;
				GCC_WARN_UNUSED_VARIABLE = YES;
				IPHONEOS_DEPLOYMENT_TARGET = 14.0;
				MTL_ENABLE_DEBUG_INFO = NO;
				MTL_FAST_MATH = YES;
				SDKROOT = iphoneos;
				SWIFT_COMPILATION_MODE = wholemodule;
				SWIFT_OPTIMIZATION_LEVEL = "-O";
				VALIDATE_PRODUCT = YES;
			};
			name = Release;
		};
		15E14D94253DD07200129602 /* Debug */ = {
			isa = XCBuildConfiguration;
			buildSettings = {
				ASSETCATALOG_COMPILER_APPICON_NAME = AppIcon;
				ASSETCATALOG_COMPILER_GLOBAL_ACCENT_COLOR_NAME = AccentColor;
				CODE_SIGN_STYLE = Automatic;
				DEVELOPMENT_TEAM = X9ANW629UZ;
				INFOPLIST_FILE = JsonParsingOne/Info.plist;
				LD_RUNPATH_SEARCH_PATHS = (
					"$(inherited)",
					"@executable_path/Frameworks",
				);
				PRODUCT_BUNDLE_IDENTIFIER = com.meetcodes.JsonParsingOne;
				PRODUCT_NAME = "$(TARGET_NAME)";
				SWIFT_VERSION = 5.0;
				TARGETED_DEVICE_FAMILY = "1,2";
			};
			name = Debug;
		};
		15E14D95253DD07200129602 /* Release */ = {
			isa = XCBuildConfiguration;
			buildSettings = {
				ASSETCATALOG_COMPILER_APPICON_NAME = AppIcon;
				ASSETCATALOG_COMPILER_GLOBAL_ACCENT_COLOR_NAME = AccentColor;
				CODE_SIGN_STYLE = Automatic;
				DEVELOPMENT_TEAM = X9ANW629UZ;
				INFOPLIST_FILE = JsonParsingOne/Info.plist;
				LD_RUNPATH_SEARCH_PATHS = (
					"$(inherited)",
					"@executable_path/Frameworks",
				);
				PRODUCT_BUNDLE_IDENTIFIER = com.meetcodes.JsonParsingOne;
				PRODUCT_NAME = "$(TARGET_NAME)";
				SWIFT_VERSION = 5.0;
				TARGETED_DEVICE_FAMILY = "1,2";
			};
			name = Release;
		};
/* End XCBuildConfiguration section */

/* Begin XCConfigurationList section */
		15E14D7A253DD06E00129602 /* Build configuration list for PBXProject "JsonParsingOne" */ = {
			isa = XCConfigurationList;
			buildConfigurations = (
				15E14D91253DD07200129602 /* Debug */,
				15E14D92253DD07200129602 /* Release */,
			);
			defaultConfigurationIsVisible = 0;
			defaultConfigurationName = Release;
		};
		15E14D93253DD07200129602 /* Build configuration list for PBXNativeTarget "JsonParsingOne" */ = {
			isa = XCConfigurationList;
			buildConfigurations = (
				15E14D94253DD07200129602 /* Debug */,
				15E14D95253DD07200129602 /* Release */,
			);
			defaultConfigurationIsVisible = 0;
			defaultConfigurationName = Release;
		};
/* End XCConfigurationList section */
	};
	rootObject = 15E14D77253DD06E00129602 /* Project object */;
}
